{
  "requires": true,
  "lockfileVersion": 1,
  "dependencies": {
    "@first-lego-league/user-interface": {
      "version": "1.1.1",
      "resolved": "https://registry.npmjs.org/@first-lego-league/user-interface/-/user-interface-1.1.1.tgz",
      "integrity": "sha512-zOgjiT05dIAIdwD9906PgB1WhsHwpaFyEN99ndDjmgTDFTgIeztfmCFtj+ugOIuze7uz9DBnOEvS7LaSjhflYQ==",
      "requires": {
        "hamburgers": "0.9.3"
      }
    }
  }
}
